{
    "_meta": {
        "hash": {
            "sha256": "adf6ace1b7f6fdfd7a5c2a84b66b191b5af65e66044cace8e1f958ac1b9dfb4b"
        },
        "pipfile-spec": 6,
        "requires": {
            "python_version": "3.9"
        },
        "sources": [
            {
                "name": "pypi",
                "url": "https://pypi.org/simple",
                "verify_ssl": true
            }
        ]
    },
    "default": {
        "lark": {
            "hashes": [
                "sha256:4b534eae1f9af5b4ea000bea95776350befe1981658eea3820a01c37e504bb4d",
                "sha256:8476f9903e93fbde4f6c327f74d79e9b4bd0ed9294c5dfa3164ab8c581b5de2a"
            ],
            "index": "pypi",
            "version": "==1.1.5"
        },
        "pyxel": {
            "path": "./../../pyxel-main_1.8.5",
            "version": "==1.8.5"
        }
    },
    "develop": {}
}
